github.com/Microsoft/go-winio v0.0.0-20180116223503-7da180ee92d8/go.mod h1:VhR8bwka0BXejwEJY73c50VrPtXAaKcyvVC4A4RozmA=
github.com/Sirupsen/logrus v0.0.0-20180329225952-778f2e774c72/go.mod h1:rmk17hk6i8ZSAJkSDa7nOxamrG+SP4P0mm+DAvExv4U=
github.com/containerd/continuity v0.0.0-20180322171221-3e8f2ea4b190 h1:xySrq2Xw0gX07PHM/LS8kuGpRd3hKDz+0/QvIJRILYk=
github.com/containerd/continuity v0.0.0-20180322171221-3e8f2ea4b190/go.mod h1:GL3xCUCBDV3CZiTSEKksMWbLE66hEyuu9qyDOOqM47Y=
github.com/coreos/go-systemd v0.0.0-20180409111510-d1b7d058aa2a h1:kJfKDOt1RNg9d0/s1KKRY0W3iJkfnURwhZo3BbaDIMY=
github.com/coreos/go-systemd v0.0.0-20180409111510-d1b7d058aa2a/go.mod h1:F5haX7vjVVG0kc13fIWeqUViNPyEJxv/OmvnBo0Yme4=
github.com/docker/docker v0.0.0-20180415161252-ea579a619452 h1:KXTxrc9Q8FwG8x/lbSBYzBMKn3xWpwx9MBfP1Ko7FYg=
github.com/docker/docker v0.0.0-20180415161252-ea579a619452/go.mod h1:eEKB0N0r5NX/I1kEveEz05bcu8tLC/8azJZsviup8Sk=
github.com/docker/go-connections v0.0.0-20180228141015-7395e3f8aa16 h1:4uSgK5h2LeFthjRpG7VUcNsG8cnMBSyUka+aHztsu0k=
github.com/docker/go-connections v0.0.0-20180228141015-7395e3f8aa16/go.mod h1:Gbd7IOopHjR8Iph03tsViu4nIes5XhDvyHbTtUxmeec=
github.com/docker/go-plugins-helpers v0.0.0-20181025120712-1e6269c305b8 h1:9Hsno4vmXpQ0yVAp07bLxS5dHH24w80xzmUCLil47ME=
github.com/docker/go-plugins-helpers v0.0.0-20181025120712-1e6269c305b8/go.mod h1:LFyLie6XcDbyKGeVK6bHe+9aJTYCxWLBg5IrJZOaXKA=
github.com/docker/go-units v0.0.0-20180212134657-47565b4f722f h1:Qkwi6SixOdPJYzMmW56WFUYINqJzeUI/FDBdJEJ5VF0=
github.com/docker/go-units v0.0.0-20180212134657-47565b4f722f/go.mod h1:fgPhTUdO+D/Jk86RDLlptpiXQzgHJF7gydDDbaIK4Dk=
github.com/opencontainers/go-digest v0.0.0-20170607195333-279bed98673d h1:KdbiNxiNlvqqdRGoWqPq40QvJVnkx0i6boW43dg6Zig=
github.com/opencontainers/go-digest v0.0.0-20170607195333-279bed98673d/go.mod h1:cMLVZDEM3+U2I4VmLI6N8jQYUd2OVphdqWwCJHrFt2s=
github.com/opencontainers/image-spec v0.0.0-20180411145040-e562b0440392 h1:rBwY4zl6Rvzh0RyFbELnswKxVfiq7xB/d2sfgy3PmHI=
github.com/opencontainers/image-spec v0.0.0-20180411145040-e562b0440392/go.mod h1:BtxoFyWECRxE4U/7sNtV5W15zMzWCbyJoFRP3s7yZA0=
github.com/pkg/errors v0.0.0-20180311214515-816c9085562c h1:F5RoIh7F9wB47PvXvpP1+Ihq1TkyC8iRdvwfKkESEZQ=
github.com/pkg/errors v0.0.0-20180311214515-816c9085562c/go.mod h1:bwawxfHBFNV+L2hUp1rHADufV3IMtnDRdf1r5NINEl0=
github.com/sirupsen/logrus v0.0.0-20180329225952-778f2e774c72 h1:BI8cisoUyvxGxbdsW8bt5a371/2lj58U37yC0rxA45w=
github.com/sirupsen/logrus v0.0.0-20180329225952-778f2e774c72/go.mod h1:pMByvHTf9Beacp5x1UXfOR9xyW/9antXMhjMPG0dEzc=
golang.org/x/crypto v0.0.0-20180411161317-d6449816ce06 h1:EOqG0JqGlLr+punVB69jvWCv/ErZKGlC7PMdyHfv+Bc=
golang.org/x/crypto v0.0.0-20180411161317-d6449816ce06/go.mod h1:6SG95UA2DQfeDnfUPMdvaQW0Q7yPrPDi9nlGo2tz2b4=
golang.org/x/net v0.0.0-20180406214816-61147c48b25b h1:7rskAFQwNXGW6AD8E/6y0LDHW5mT9rsLD7ViLVFfh5w=
golang.org/x/net v0.0.0-20180406214816-61147c48b25b/go.mod h1:mL1N/T3taQHkDXs73rZJwtUhF3w3ftmwwsq0BUmARs4=
golang.org/x/sys v0.0.0-20180414092825-2281fa97ef7b h1:TZPu90il0Pa3zEX8+9qApAIAo9nGKe3ZzQCfYS1y/Ic=
golang.org/x/sys v0.0.0-20180414092825-2281fa97ef7b/go.mod h1:STP8DvDyc/dI5b8T5hshtkjS+E42TnysNCUPdjciGhY=
